
Microsoft Visual Studio Solution File, Format Version 12.00
# Visual Studio 14
VisualStudioVersion = 14.0.24720.0
MinimumVisualStudioVersion = 10.0.40219.1
Project("{2150E333-8FDC-42A3-9474-1A3956D46DE8}") = "Utils", "Utils", "{C54A85CE-6BC8-4692-A9A6-5C4BD7E30400}"
EndProject
Project("{FAE04EC0-301F-11D3-BF4B-00C04F79EFBC}") = "Web", "..\Utils\Web\Web.csproj", "{45666ACC-C047-4608-8213-F109504EE551}"
EndProject
Project("{FAE04EC0-301F-11D3-BF4B-00C04F79EFBC}") = "Web.Tests", "..\Utils\Web.Tests\Web.Tests.csproj", "{3540D1E4-2CB4-490A-A714-6760EE069A4E}"
EndProject
Project("{FAE04EC0-301F-11D3-BF4B-00C04F79EFBC}") = "OgcSchemas.Wms", "..\OgcSchemas\OgcSchemas.Wms\OgcSchemas.Wms.csproj", "{B8398792-4BB8-4AD0-B55D-3E638E008D83}"
EndProject
Project("{FAE04EC0-301F-11D3-BF4B-00C04F79EFBC}") = "Serialization", "..\Utils\Serialization\Serialization.csproj", "{31F8205F-B091-46D8-B6DB-5EF738EB8A26}"
EndProject
Project("{FAE04EC0-301F-11D3-BF4B-00C04F79EFBC}") = "Serialization.Tests", "..\Utils\Serialization.Tests\Serialization.Tests.csproj", "{1F835DE8-FA2F-4BF6-B65F-47CDDA7A27FE}"
EndProject
Project("{FAE04EC0-301F-11D3-BF4B-00C04F79EFBC}") = "OgcSchemas.Wmts", "..\OgcSchemas\OgcSchemas.Wmts\OgcSchemas.Wmts.csproj", "{783A8CDD-F702-4498-B3CF-0373C2465C6C}"
EndProject
Global
	GlobalSection(SolutionConfigurationPlatforms) = preSolution
		Debug|Any CPU = Debug|Any CPU
		Release|Any CPU = Release|Any CPU
	EndGlobalSection
	GlobalSection(ProjectConfigurationPlatforms) = postSolution
		{45666ACC-C047-4608-8213-F109504EE551}.Debug|Any CPU.ActiveCfg = Debug|Any CPU
		{45666ACC-C047-4608-8213-F109504EE551}.Debug|Any CPU.Build.0 = Debug|Any CPU
		{45666ACC-C047-4608-8213-F109504EE551}.Release|Any CPU.ActiveCfg = Release|Any CPU
		{45666ACC-C047-4608-8213-F109504EE551}.Release|Any CPU.Build.0 = Release|Any CPU
		{3540D1E4-2CB4-490A-A714-6760EE069A4E}.Debug|Any CPU.ActiveCfg = Debug|Any CPU
		{3540D1E4-2CB4-490A-A714-6760EE069A4E}.Debug|Any CPU.Build.0 = Debug|Any CPU
		{3540D1E4-2CB4-490A-A714-6760EE069A4E}.Release|Any CPU.ActiveCfg = Release|Any CPU
		{3540D1E4-2CB4-490A-A714-6760EE069A4E}.Release|Any CPU.Build.0 = Release|Any CPU
		{B8398792-4BB8-4AD0-B55D-3E638E008D83}.Debug|Any CPU.ActiveCfg = Debug|Any CPU
		{B8398792-4BB8-4AD0-B55D-3E638E008D83}.Debug|Any CPU.Build.0 = Debug|Any CPU
		{B8398792-4BB8-4AD0-B55D-3E638E008D83}.Release|Any CPU.ActiveCfg = Release|Any CPU
		{B8398792-4BB8-4AD0-B55D-3E638E008D83}.Release|Any CPU.Build.0 = Release|Any CPU
		{31F8205F-B091-46D8-B6DB-5EF738EB8A26}.Debug|Any CPU.ActiveCfg = Debug|Any CPU
		{31F8205F-B091-46D8-B6DB-5EF738EB8A26}.Debug|Any CPU.Build.0 = Debug|Any CPU
		{31F8205F-B091-46D8-B6DB-5EF738EB8A26}.Release|Any CPU.ActiveCfg = Release|Any CPU
		{31F8205F-B091-46D8-B6DB-5EF738EB8A26}.Release|Any CPU.Build.0 = Release|Any CPU
		{1F835DE8-FA2F-4BF6-B65F-47CDDA7A27FE}.Debug|Any CPU.ActiveCfg = Debug|Any CPU
		{1F835DE8-FA2F-4BF6-B65F-47CDDA7A27FE}.Debug|Any CPU.Build.0 = Debug|Any CPU
		{1F835DE8-FA2F-4BF6-B65F-47CDDA7A27FE}.Release|Any CPU.ActiveCfg = Release|Any CPU
		{1F835DE8-FA2F-4BF6-B65F-47CDDA7A27FE}.Release|Any CPU.Build.0 = Release|Any CPU
		{783A8CDD-F702-4498-B3CF-0373C2465C6C}.Debug|Any CPU.ActiveCfg = Debug|Any CPU
		{783A8CDD-F702-4498-B3CF-0373C2465C6C}.Debug|Any CPU.Build.0 = Debug|Any CPU
		{783A8CDD-F702-4498-B3CF-0373C2465C6C}.Release|Any CPU.ActiveCfg = Release|Any CPU
		{783A8CDD-F702-4498-B3CF-0373C2465C6C}.Release|Any CPU.Build.0 = Release|Any CPU
	EndGlobalSection
	GlobalSection(SolutionProperties) = preSolution
		HideSolutionNode = FALSE
	EndGlobalSection
	GlobalSection(NestedProjects) = preSolution
		{45666ACC-C047-4608-8213-F109504EE551} = {C54A85CE-6BC8-4692-A9A6-5C4BD7E30400}
		{3540D1E4-2CB4-490A-A714-6760EE069A4E} = {C54A85CE-6BC8-4692-A9A6-5C4BD7E30400}
		{31F8205F-B091-46D8-B6DB-5EF738EB8A26} = {C54A85CE-6BC8-4692-A9A6-5C4BD7E30400}
		{1F835DE8-FA2F-4BF6-B65F-47CDDA7A27FE} = {C54A85CE-6BC8-4692-A9A6-5C4BD7E30400}
	EndGlobalSection
EndGlobal
